
Microsoft Visual Studio Solution File, Format Version 12.00
# Visual Studio 15
VisualStudioVersion = 15.0.28307.1062
MinimumVisualStudioVersion = 10.0.40219.1
Project("{888888A0-9F3D-457C-B088-3A5042F75D52}") = "ActClasesContadorLetras", "ActClasesContadorLetras\ActClasesContadorLetras.pyproj", "{68CD67D7-422D-47FD-AB65-6FC52461CA2A}"
EndProject
Global
	GlobalSection(SolutionConfigurationPlatforms) = preSolution
		Debug|Any CPU = Debug|Any CPU
		Release|Any CPU = Release|Any CPU
	EndGlobalSection
	GlobalSection(ProjectConfigurationPlatforms) = postSolution
		{68CD67D7-422D-47FD-AB65-6FC52461CA2A}.Debug|Any CPU.ActiveCfg = Debug|Any CPU
		{68CD67D7-422D-47FD-AB65-6FC52461CA2A}.Release|Any CPU.ActiveCfg = Release|Any CPU
	EndGlobalSection
	GlobalSection(SolutionProperties) = preSolution
		HideSolutionNode = FALSE
	EndGlobalSection
	GlobalSection(ExtensibilityGlobals) = postSolution
		SolutionGuid = {B4940775-3B6C-4995-B659-7D89B92D8847}
	EndGlobalSection
EndGlobal
